
Microsoft Visual Studio Solution File, Format Version 12.00
# Visual Studio Version 17
VisualStudioVersion = 17.13.35825.156
MinimumVisualStudioVersion = 10.0.40219.1
Project("{FAE04EC0-301F-11D3-BF4B-00C04F79EFBC}") = "MyShopWebApi", "MyShopWebApi\MyShopWebApi.csproj", "{6746DAD7-1E99-468E-896C-6C6BFDB40E58}"
EndProject
Project("{FAE04EC0-301F-11D3-BF4B-00C04F79EFBC}") = "Repositories", "Repositories\Repositories.csproj", "{B67712AA-398C-4B8A-8AF7-11580C467CE2}"
EndProject
Project("{FAE04EC0-301F-11D3-BF4B-00C04F79EFBC}") = "Services", "Services\Services.csproj", "{56FF1B9D-E323-4856-A2EA-E5732C7879A4}"
EndProject
Project("{FAE04EC0-301F-11D3-BF4B-00C04F79EFBC}") = "Entities", "Entities\Entities.csproj", "{1C29D229-7234-492F-8CD8-CABB638C86E4}"
EndProject
Global
	GlobalSection(SolutionConfigurationPlatforms) = preSolution
		Debug|Any CPU = Debug|Any CPU
		Release|Any CPU = Release|Any CPU
	EndGlobalSection
	GlobalSection(ProjectConfigurationPlatforms) = postSolution
		{6746DAD7-1E99-468E-896C-6C6BFDB40E58}.Debug|Any CPU.ActiveCfg = Debug|Any CPU
		{6746DAD7-1E99-468E-896C-6C6BFDB40E58}.Debug|Any CPU.Build.0 = Debug|Any CPU
		{6746DAD7-1E99-468E-896C-6C6BFDB40E58}.Release|Any CPU.ActiveCfg = Release|Any CPU
		{6746DAD7-1E99-468E-896C-6C6BFDB40E58}.Release|Any CPU.Build.0 = Release|Any CPU
		{B67712AA-398C-4B8A-8AF7-11580C467CE2}.Debug|Any CPU.ActiveCfg = Debug|Any CPU
		{B67712AA-398C-4B8A-8AF7-11580C467CE2}.Debug|Any CPU.Build.0 = Debug|Any CPU
		{B67712AA-398C-4B8A-8AF7-11580C467CE2}.Release|Any CPU.ActiveCfg = Release|Any CPU
		{B67712AA-398C-4B8A-8AF7-11580C467CE2}.Release|Any CPU.Build.0 = Release|Any CPU
		{56FF1B9D-E323-4856-A2EA-E5732C7879A4}.Debug|Any CPU.ActiveCfg = Debug|Any CPU
		{56FF1B9D-E323-4856-A2EA-E5732C7879A4}.Debug|Any CPU.Build.0 = Debug|Any CPU
		{56FF1B9D-E323-4856-A2EA-E5732C7879A4}.Release|Any CPU.ActiveCfg = Release|Any CPU
		{56FF1B9D-E323-4856-A2EA-E5732C7879A4}.Release|Any CPU.Build.0 = Release|Any CPU
		{1C29D229-7234-492F-8CD8-CABB638C86E4}.Debug|Any CPU.ActiveCfg = Debug|Any CPU
		{1C29D229-7234-492F-8CD8-CABB638C86E4}.Debug|Any CPU.Build.0 = Debug|Any CPU
		{1C29D229-7234-492F-8CD8-CABB638C86E4}.Release|Any CPU.ActiveCfg = Release|Any CPU
		{1C29D229-7234-492F-8CD8-CABB638C86E4}.Release|Any CPU.Build.0 = Release|Any CPU
	EndGlobalSection
	GlobalSection(SolutionProperties) = preSolution
		HideSolutionNode = FALSE
	EndGlobalSection
	GlobalSection(ExtensibilityGlobals) = postSolution
		SolutionGuid = {92DFCAC5-DFFE-4905-A2CF-61BCFF66A1D5}
	EndGlobalSection
EndGlobal
